
Microsoft Visual Studio Solution File, Format Version 12.00
# Visual Studio Version 16
VisualStudioVersion = 16.0.30114.105
MinimumVisualStudioVersion = 10.0.40219.1
Project("{FAE04EC0-301F-11D3-BF4B-00C04F79EFBC}") = "API", "API\API.csproj", "{F099A29A-3D9E-4C22-8689-42E7C40A4977}"
EndProject
Project("{FAE04EC0-301F-11D3-BF4B-00C04F79EFBC}") = "Application", "Application\Application.csproj", "{4C0FAB2D-C0F8-4EA3-BED5-53454E40F186}"
EndProject
Project("{FAE04EC0-301F-11D3-BF4B-00C04F79EFBC}") = "persistence", "persistence\persistence.csproj", "{B9E69592-C26C-4C93-B541-E61E33D4F9D9}"
EndProject
Project("{FAE04EC0-301F-11D3-BF4B-00C04F79EFBC}") = "Domain", "Domain\Domain.csproj", "{CB4677D3-439A-4A3F-9FBE-D8CBDD6BA0E5}"
EndProject
Global
	GlobalSection(SolutionConfigurationPlatforms) = preSolution
		Debug|Any CPU = Debug|Any CPU
		Debug|x64 = Debug|x64
		Debug|x86 = Debug|x86
		Release|Any CPU = Release|Any CPU
		Release|x64 = Release|x64
		Release|x86 = Release|x86
	EndGlobalSection
	GlobalSection(SolutionProperties) = preSolution
		HideSolutionNode = FALSE
	EndGlobalSection
	GlobalSection(ProjectConfigurationPlatforms) = postSolution
		{F099A29A-3D9E-4C22-8689-42E7C40A4977}.Debug|Any CPU.ActiveCfg = Debug|Any CPU
		{F099A29A-3D9E-4C22-8689-42E7C40A4977}.Debug|Any CPU.Build.0 = Debug|Any CPU
		{F099A29A-3D9E-4C22-8689-42E7C40A4977}.Debug|x64.ActiveCfg = Debug|Any CPU
		{F099A29A-3D9E-4C22-8689-42E7C40A4977}.Debug|x64.Build.0 = Debug|Any CPU
		{F099A29A-3D9E-4C22-8689-42E7C40A4977}.Debug|x86.ActiveCfg = Debug|Any CPU
		{F099A29A-3D9E-4C22-8689-42E7C40A4977}.Debug|x86.Build.0 = Debug|Any CPU
		{F099A29A-3D9E-4C22-8689-42E7C40A4977}.Release|Any CPU.ActiveCfg = Release|Any CPU
		{F099A29A-3D9E-4C22-8689-42E7C40A4977}.Release|Any CPU.Build.0 = Release|Any CPU
		{F099A29A-3D9E-4C22-8689-42E7C40A4977}.Release|x64.ActiveCfg = Release|Any CPU
		{F099A29A-3D9E-4C22-8689-42E7C40A4977}.Release|x64.Build.0 = Release|Any CPU
		{F099A29A-3D9E-4C22-8689-42E7C40A4977}.Release|x86.ActiveCfg = Release|Any CPU
		{F099A29A-3D9E-4C22-8689-42E7C40A4977}.Release|x86.Build.0 = Release|Any CPU
		{4C0FAB2D-C0F8-4EA3-BED5-53454E40F186}.Debug|Any CPU.ActiveCfg = Debug|Any CPU
		{4C0FAB2D-C0F8-4EA3-BED5-53454E40F186}.Debug|Any CPU.Build.0 = Debug|Any CPU
		{4C0FAB2D-C0F8-4EA3-BED5-53454E40F186}.Debug|x64.ActiveCfg = Debug|Any CPU
		{4C0FAB2D-C0F8-4EA3-BED5-53454E40F186}.Debug|x64.Build.0 = Debug|Any CPU
		{4C0FAB2D-C0F8-4EA3-BED5-53454E40F186}.Debug|x86.ActiveCfg = Debug|Any CPU
		{4C0FAB2D-C0F8-4EA3-BED5-53454E40F186}.Debug|x86.Build.0 = Debug|Any CPU
		{4C0FAB2D-C0F8-4EA3-BED5-53454E40F186}.Release|Any CPU.ActiveCfg = Release|Any CPU
		{4C0FAB2D-C0F8-4EA3-BED5-53454E40F186}.Release|Any CPU.Build.0 = Release|Any CPU
		{4C0FAB2D-C0F8-4EA3-BED5-53454E40F186}.Release|x64.ActiveCfg = Release|Any CPU
		{4C0FAB2D-C0F8-4EA3-BED5-53454E40F186}.Release|x64.Build.0 = Release|Any CPU
		{4C0FAB2D-C0F8-4EA3-BED5-53454E40F186}.Release|x86.ActiveCfg = Release|Any CPU
		{4C0FAB2D-C0F8-4EA3-BED5-53454E40F186}.Release|x86.Build.0 = Release|Any CPU
		{B9E69592-C26C-4C93-B541-E61E33D4F9D9}.Debug|Any CPU.ActiveCfg = Debug|Any CPU
		{B9E69592-C26C-4C93-B541-E61E33D4F9D9}.Debug|Any CPU.Build.0 = Debug|Any CPU
		{B9E69592-C26C-4C93-B541-E61E33D4F9D9}.Debug|x64.ActiveCfg = Debug|Any CPU
		{B9E69592-C26C-4C93-B541-E61E33D4F9D9}.Debug|x64.Build.0 = Debug|Any CPU
		{B9E69592-C26C-4C93-B541-E61E33D4F9D9}.Debug|x86.ActiveCfg = Debug|Any CPU
		{B9E69592-C26C-4C93-B541-E61E33D4F9D9}.Debug|x86.Build.0 = Debug|Any CPU
		{B9E69592-C26C-4C93-B541-E61E33D4F9D9}.Release|Any CPU.ActiveCfg = Release|Any CPU
		{B9E69592-C26C-4C93-B541-E61E33D4F9D9}.Release|Any CPU.Build.0 = Release|Any CPU
		{B9E69592-C26C-4C93-B541-E61E33D4F9D9}.Release|x64.ActiveCfg = Release|Any CPU
		{B9E69592-C26C-4C93-B541-E61E33D4F9D9}.Release|x64.Build.0 = Release|Any CPU
		{B9E69592-C26C-4C93-B541-E61E33D4F9D9}.Release|x86.ActiveCfg = Release|Any CPU
		{B9E69592-C26C-4C93-B541-E61E33D4F9D9}.Release|x86.Build.0 = Release|Any CPU
		{CB4677D3-439A-4A3F-9FBE-D8CBDD6BA0E5}.Debug|Any CPU.ActiveCfg = Debug|Any CPU
		{CB4677D3-439A-4A3F-9FBE-D8CBDD6BA0E5}.Debug|Any CPU.Build.0 = Debug|Any CPU
		{CB4677D3-439A-4A3F-9FBE-D8CBDD6BA0E5}.Debug|x64.ActiveCfg = Debug|Any CPU
		{CB4677D3-439A-4A3F-9FBE-D8CBDD6BA0E5}.Debug|x64.Build.0 = Debug|Any CPU
		{CB4677D3-439A-4A3F-9FBE-D8CBDD6BA0E5}.Debug|x86.ActiveCfg = Debug|Any CPU
		{CB4677D3-439A-4A3F-9FBE-D8CBDD6BA0E5}.Debug|x86.Build.0 = Debug|Any CPU
		{CB4677D3-439A-4A3F-9FBE-D8CBDD6BA0E5}.Release|Any CPU.ActiveCfg = Release|Any CPU
		{CB4677D3-439A-4A3F-9FBE-D8CBDD6BA0E5}.Release|Any CPU.Build.0 = Release|Any CPU
		{CB4677D3-439A-4A3F-9FBE-D8CBDD6BA0E5}.Release|x64.ActiveCfg = Release|Any CPU
		{CB4677D3-439A-4A3F-9FBE-D8CBDD6BA0E5}.Release|x64.Build.0 = Release|Any CPU
		{CB4677D3-439A-4A3F-9FBE-D8CBDD6BA0E5}.Release|x86.ActiveCfg = Release|Any CPU
		{CB4677D3-439A-4A3F-9FBE-D8CBDD6BA0E5}.Release|x86.Build.0 = Release|Any CPU
	EndGlobalSection
EndGlobal
